
Microsoft Visual Studio Solution File, Format Version 12.00
# Visual Studio Version 16
VisualStudioVersion = 16.0.31624.102
MinimumVisualStudioVersion = 10.0.40219.1
Project("{9A19103F-16F7-4668-BE54-9A1E7A4F7556}") = "API", "API\API.csproj", "{4A010AFC-1B8E-48E2-8AA6-21B3C0A8DA3D}"
EndProject
Project("{00D1A9C2-B5F0-4AF3-8072-F6C62B433612}") = "Database", "Database\Database.sqlproj", "{C32527E3-4354-4BF0-83C2-624FFF529639}"
EndProject
Project("{FAE04EC0-301F-11D3-BF4B-00C04F79EFBC}") = "Domain", "Domain\Domain.csproj", "{F13CDB1C-4C0F-4AE8-80BC-F83F0FFAAF3B}"
EndProject
Global
	GlobalSection(SolutionConfigurationPlatforms) = preSolution
		Debug|Any CPU = Debug|Any CPU
		Release|Any CPU = Release|Any CPU
	EndGlobalSection
	GlobalSection(ProjectConfigurationPlatforms) = postSolution
		{4A010AFC-1B8E-48E2-8AA6-21B3C0A8DA3D}.Debug|Any CPU.ActiveCfg = Debug|Any CPU
		{4A010AFC-1B8E-48E2-8AA6-21B3C0A8DA3D}.Debug|Any CPU.Build.0 = Debug|Any CPU
		{4A010AFC-1B8E-48E2-8AA6-21B3C0A8DA3D}.Release|Any CPU.ActiveCfg = Release|Any CPU
		{4A010AFC-1B8E-48E2-8AA6-21B3C0A8DA3D}.Release|Any CPU.Build.0 = Release|Any CPU
		{C32527E3-4354-4BF0-83C2-624FFF529639}.Debug|Any CPU.ActiveCfg = Debug|Any CPU
		{C32527E3-4354-4BF0-83C2-624FFF529639}.Debug|Any CPU.Build.0 = Debug|Any CPU
		{C32527E3-4354-4BF0-83C2-624FFF529639}.Debug|Any CPU.Deploy.0 = Debug|Any CPU
		{C32527E3-4354-4BF0-83C2-624FFF529639}.Release|Any CPU.ActiveCfg = Release|Any CPU
		{C32527E3-4354-4BF0-83C2-624FFF529639}.Release|Any CPU.Build.0 = Release|Any CPU
		{C32527E3-4354-4BF0-83C2-624FFF529639}.Release|Any CPU.Deploy.0 = Release|Any CPU
		{F13CDB1C-4C0F-4AE8-80BC-F83F0FFAAF3B}.Debug|Any CPU.ActiveCfg = Debug|Any CPU
		{F13CDB1C-4C0F-4AE8-80BC-F83F0FFAAF3B}.Debug|Any CPU.Build.0 = Debug|Any CPU
		{F13CDB1C-4C0F-4AE8-80BC-F83F0FFAAF3B}.Release|Any CPU.ActiveCfg = Release|Any CPU
		{F13CDB1C-4C0F-4AE8-80BC-F83F0FFAAF3B}.Release|Any CPU.Build.0 = Release|Any CPU
	EndGlobalSection
	GlobalSection(SolutionProperties) = preSolution
		HideSolutionNode = FALSE
	EndGlobalSection
	GlobalSection(ExtensibilityGlobals) = postSolution
		SolutionGuid = {901B4451-3E40-44DE-BB73-22BBA662D432}
	EndGlobalSection
EndGlobal
